# This file is automatically @generated by Cargo.
# It is not intended for manual editing.
version = 3

[[package]]
name = "bitflags"
version = "2.4.1"
source = "registry+https://github.com/rust-lang/crates.io-index"
checksum = "327762f6e5a765692301e5bb513e0d9fef63be86bbc14528052b1cd3e6f03e07"

[[package]]
name = "cc"
version = "1.0.83"
source = "registry+https://github.com/rust-lang/crates.io-index"
checksum = "f1174fb0b6ec23863f8b971027804a42614e347eafb0a95bf0b12cdae21fc4d0"
dependencies = [
 "libc",
]

[[package]]
name = "cfg-if"
version = "1.0.0"
source = "registry+https://github.com/rust-lang/crates.io-index"
checksum = "baf1de4339761588bc0619e3cbc0120ee582ebb74b53b4efbf79117bd2da40fd"

[[package]]
name = "cmake"
version = "0.1.50"
source = "registry+https://github.com/rust-lang/crates.io-index"
checksum = "a31c789563b815f77f4250caee12365734369f942439b7defd71e18a48197130"
dependencies = [
 "cc",
]

[[package]]
name = "crossbeam-channel"
version = "0.5.10"
source = "registry+https://github.com/rust-lang/crates.io-index"
checksum = "82a9b73a36529d9c47029b9fb3a6f0ea3cc916a261195352ba19e770fc1748b2"
dependencies = [
 "cfg-if",
 "crossbeam-utils",
]

[[package]]
name = "crossbeam-utils"
version = "0.8.18"
source = "registry+https://github.com/rust-lang/crates.io-index"
checksum = "c3a430a770ebd84726f584a90ee7f020d28db52c6d02138900f22341f866d39c"
dependencies = [
 "cfg-if",
]

[[package]]
name = "fl2rust"
version = "0.5.19"
source = "registry+https://github.com/rust-lang/crates.io-index"
checksum = "f6679204ae2e70ee854f3caea0085fd15bf413baf81aba85422ea3394b00595f"
dependencies = [
 "fluid-parser",
]

[[package]]
name = "fltk"
version = "1.4.21"
source = "registry+https://github.com/rust-lang/crates.io-index"
checksum = "ec10f6f85572396e927c007f53ef00b05dc0671774356fb2f267bbf7a62a4795"
dependencies = [
 "bitflags",
 "crossbeam-channel",
 "fltk-sys",
 "paste",
 "ttf-parser",
]

[[package]]
name = "fltk-sys"
version = "1.4.21"
source = "registry+https://github.com/rust-lang/crates.io-index"
checksum = "5728b9e06ea6aa5aa3d22c0d719c08330b0716203601bea6f9d8552a9d153e38"
dependencies = [
 "cmake",
]

[[package]]
name = "fluid-parser"
version = "0.1.15"
source = "registry+https://github.com/rust-lang/crates.io-index"
checksum = "f8c1235afc20d2380c8c3bd46ab0bd3f8cda366cc19104f0da9cfc25e8fdf728"

[[package]]
name = "libc"
version = "0.2.151"
source = "registry+https://github.com/rust-lang/crates.io-index"
checksum = "302d7ab3130588088d277783b1e2d2e10c9e9e4a16dd9050e6ec93fb3e7048f4"

[[package]]
name = "paste"
version = "1.0.14"
source = "registry+https://github.com/rust-lang/crates.io-index"
checksum = "de3145af08024dea9fa9914f381a17b8fc6034dfb00f3a84013f7ff43f29ed4c"

[[package]]
name = "text_marge"
version = "0.1.0"
dependencies = [
 "fl2rust",
 "fltk",
]

[[package]]
name = "ttf-parser"
version = "0.20.0"
source = "registry+https://github.com/rust-lang/crates.io-index"
checksum = "17f77d76d837a7830fe1d4f12b7b4ba4192c1888001c7164257e4bc6d21d96b4"
